{
  "version": 4,
  "terraform_version": "1.3.7",
  "serial": 13,
  "lineage": "0e27a09c-62ad-49cc-8153-044114c27bd2",
  "outputs": {},
  "resources": [
    {
      "mode": "managed",
      "type": "aws_eip",
      "name": "bolthouse-josie-meetcarrot-eip",
      "provider": "provider[\"registry.terraform.io/-/aws\"]",
      "instances": [
        {
          "schema_version": 0,
          "attributes_flat": {
            "association_id": "eipassoc-0d4dc5e8f2a6d7bb8",
            "domain": "vpc",
            "id": "eipalloc-06128140e66fbf451",
            "instance": "i-0073f8c4f313aec17",
            "network_interface": "eni-086376f4d34f356a0",
            "private_dns": "ip-172-31-60-161.us-west-2.compute.internal",
            "private_ip": "172.31.60.161",
            "public_dns": "ec2-52-39-160-23.us-west-2.compute.amazonaws.com",
            "public_ip": "52.39.160.23",
            "public_ipv4_pool": "amazon",
            "tags.%": "1",
            "tags.Name": "bolthouse-meetcarrot-eip",
            "vpc": "true"
          },
          "sensitive_attributes": [],
          "private": "eyJlMmJmYjczMC1lY2FhLTExZTYtOGY4OC0zNDM2M2JjN2M0YzAiOnsiZGVsZXRlIjoxODAwMDAwMDAwMDAsInJlYWQiOjkwMDAwMDAwMDAwMCwidXBkYXRlIjozMDAwMDAwMDAwMDB9fQ=="
        }
      ]
    },
    {
      "mode": "managed",
      "type": "aws_instance",
      "name": "bolthouse",
      "provider": "provider[\"registry.terraform.io/-/aws\"]",
      "instances": [
        {
          "schema_version": 1,
          "attributes_flat": {
            "ami": "ami-005bdb005fb00e791",
            "arn": "arn:aws:ec2:us-west-2:070769036353:instance/i-0073f8c4f313aec17",
            "associate_public_ip_address": "true",
            "availability_zone": "us-west-2b",
            "cpu_core_count": "1",
            "cpu_threads_per_core": "2",
            "credit_specification.#": "1",
            "credit_specification.0.cpu_credits": "standard",
            "disable_api_termination": "false",
            "ebs_block_device.#": "0",
            "ebs_optimized": "true",
            "ephemeral_block_device.#": "0",
            "get_password_data": "false",
            "iam_instance_profile": "",
            "id": "i-0073f8c4f313aec17",
            "instance_state": "running",
            "instance_type": "t3a.micro",
            "ipv6_addresses.#": "0",
            "key_name": "josie-aws-mar-2019",
            "monitoring": "false",
            "network_interface.#": "0",
            "password_data": "",
            "placement_group": "",
            "primary_network_interface_id": "eni-086376f4d34f356a0",
            "private_dns": "ip-172-31-60-161.us-west-2.compute.internal",
            "private_ip": "172.31.60.161",
            "public_dns": "ec2-52-39-160-23.us-west-2.compute.amazonaws.com",
            "public_ip": "52.39.160.23",
            "root_block_device.#": "1",
            "root_block_device.0.delete_on_termination": "true",
            "root_block_device.0.iops": "3000",
            "root_block_device.0.volume_id": "vol-0cb5486921c1c7b89",
            "root_block_device.0.volume_size": "80",
            "root_block_device.0.volume_type": "gp3",
            "security_groups.#": "2",
            "security_groups.1380917647": "josie-test-web",
            "security_groups.204356025": "dns-josie-aws",
            "source_dest_check": "true",
            "subnet_id": "subnet-158ad75e",
            "tags.%": "1",
            "tags.Name": "bolthouse-josie-meetcarrot-ec2",
            "tenancy": "default",
            "volume_tags.%": "0",
            "vpc_security_group_ids.#": "2",
            "vpc_security_group_ids.2110582055": "sg-0d1319827493998d7",
            "vpc_security_group_ids.4131402191": "sg-0e8e2816852805e2c"
          },
          "sensitive_attributes": [],
          "private": "eyJlMmJmYjczMC1lY2FhLTExZTYtOGY4OC0zNDM2M2JjN2M0YzAiOnsiY3JlYXRlIjo2MDAwMDAwMDAwMDAsImRlbGV0ZSI6MTIwMDAwMDAwMDAwMCwidXBkYXRlIjo2MDAwMDAwMDAwMDB9fQ=="
        }
      ]
    }
  ],
  "check_results": null
}
