{
    "version": 3,
    "terraform_version": "0.11.13",
    "serial": 13,
    "lineage": "0e27a09c-62ad-49cc-8153-044114c27bd2",
    "modules": [
        {
            "path": [
                "root"
            ],
            "outputs": {},
            "resources": {
                "aws_eip.bolthouse-josie-meetcarrot-eip": {
                    "type": "aws_eip",
                    "depends_on": [
                        "aws_instance.management-josie-knotis"
                    ],
                    "primary": {
                        "id": "eipalloc-06128140e66fbf451",
                        "attributes": {
                            "association_id": "eipassoc-0d4dc5e8f2a6d7bb8",
                            "domain": "vpc",
                            "id": "eipalloc-06128140e66fbf451",
                            "instance": "i-0073f8c4f313aec17",
                            "network_interface": "eni-086376f4d34f356a0",
                            "private_dns": "ip-172-31-60-161.us-west-2.compute.internal",
                            "private_ip": "172.31.60.161",
                            "public_dns": "ec2-52-39-160-23.us-west-2.compute.amazonaws.com",
                            "public_ip": "52.39.160.23",
                            "public_ipv4_pool": "amazon",
                            "tags.%": "1",
                            "tags.Name": "terraform-management-josie-knotis-eip",
                            "vpc": "true"
                        },
                        "meta": {
                            "e2bfb730-ecaa-11e6-8f88-34363bc7c4c0": {
                                "delete": 180000000000,
                                "read": 900000000000,
                                "update": 300000000000
                            }
                        },
                        "tainted": false
                    },
                    "deposed": [],
                    "provider": "provider.aws"
                },
                "aws_instance.bolthouse": {
                    "type": "aws_instance",
                    "depends_on": [],
                    "primary": {
                        "id": "i-0073f8c4f313aec17",
                        "attributes": {
                            "ami": "ami-005bdb005fb00e791",
                            "arn": "arn:aws:ec2:us-west-2:070769036353:instance/i-0073f8c4f313aec17",
                            "associate_public_ip_address": "true",
                            "availability_zone": "us-west-2b",
                            "cpu_core_count": "1",
                            "cpu_threads_per_core": "1",
                            "credit_specification.#": "1",
                            "credit_specification.0.cpu_credits": "standard",
                            "disable_api_termination": "false",
                            "ebs_block_device.#": "0",
                            "ebs_optimized": "false",
                            "ephemeral_block_device.#": "0",
                            "get_password_data": "false",
                            "iam_instance_profile": "",
                            "id": "i-0073f8c4f313aec17",
                            "instance_state": "running",
                            "instance_type": "t2.nano",
                            "ipv6_addresses.#": "0",
                            "key_name": "josie-aws-mar-2019",
                            "monitoring": "false",
                            "network_interface.#": "0",
                            "password_data": "",
                            "placement_group": "",
                            "primary_network_interface_id": "eni-086376f4d34f356a0",
                            "private_dns": "ip-172-31-60-161.us-west-2.compute.internal",
                            "private_ip": "172.31.60.161",
                            "public_dns": "ec2-34-220-30-52.us-west-2.compute.amazonaws.com",
                            "public_ip": "34.220.30.52",
                            "root_block_device.#": "1",
                            "root_block_device.0.delete_on_termination": "true",
                            "root_block_device.0.iops": "0",
                            "root_block_device.0.volume_id": "vol-0cb5486921c1c7b89",
                            "root_block_device.0.volume_size": "80",
                            "root_block_device.0.volume_type": "standard",
                            "security_groups.#": "1",
                            "security_groups.1380917647": "josie-test-web",
                            "source_dest_check": "true",
                            "subnet_id": "subnet-158ad75e",
                            "tags.%": "1",
                            "tags.Name": "terraform-management-josie-knotis-ec2",
                            "tenancy": "default",
                            "volume_tags.%": "0",
                            "vpc_security_group_ids.#": "1",
                            "vpc_security_group_ids.4131402191": "sg-0e8e2816852805e2c"
                        },
                        "meta": {
                            "e2bfb730-ecaa-11e6-8f88-34363bc7c4c0": {
                                "create": 600000000000,
                                "delete": 1200000000000,
                                "update": 600000000000
                            },
                            "schema_version": "1"
                        },
                        "tainted": false
                    },
                    "deposed": [],
                    "provider": "provider.aws"
                }
            },
            "depends_on": []
        }
    ]
}
